version = 1
revision = 3
requires-python = ">=3.12"

[[package]]
name = "posix-ipc"
version = "1.3.0"
source = { registry = "https://pypi.org/simple" }
sdist = { url = "https://files.pythonhosted.org/packages/2b/a1/16d4b5a7dfc3dbb5965debe0415b6dc4866d4c94a1229f5b12cde7b78de8/posix_ipc-1.3.0.tar.gz", hash = "sha256:6e559ac5bb5f6f233c396103f4868e383bbd8f4e54d20876910896f47d353448", size = 98370, upload-time = "2025-07-29T20:03:45.17Z" }
wheels = [
    { url = "https://files.pythonhosted.org/packages/ca/6d/18d4c9f0c0946afb74b7b5d4461c18e7ea93fc7bcee7303666f1e8b48b27/posix_ipc-1.3.0-cp312-cp312-macosx_10_13_x86_64.whl", hash = "sha256:18f9d38ae2b60078cecba0f0ccb2e9bc6563647c893902025716eaf6e93050a3", size = 11764, upload-time = "2025-07-29T20:02:50.225Z" },
    { url = "https://files.pythonhosted.org/packages/fb/bd/dc21301e25a8669cb51824e4af21056b638be831adcc0e2be4985e872c65/posix_ipc-1.3.0-cp312-cp312-macosx_11_0_arm64.whl", hash = "sha256:0eb4c8b3be3c11d2a508973f67a5e97c89cc796cdf5900cc4aa87e195ea7da94", size = 12065, upload-time = "2025-07-29T20:02:50.942Z" },
    { url = "https://files.pythonhosted.org/packages/7a/3c/ab7e916b0006c309fcd4a7efc3b6164182e1546029e7fa7f892f25547ac1/posix_ipc-1.3.0-cp312-cp312-manylinux_2_17_aarch64.manylinux2014_aarch64.whl", hash = "sha256:fe3e8d9e26c4eb7776538e729c11d85d114afd046b593e319eabc26bef58c918", size = 50245, upload-time = "2025-07-29T20:02:51.594Z" },
    { url = "https://files.pythonhosted.org/packages/42/57/4f46a180cfe1ba9096fb0f8eab52b5102bb4f3ca689b993614e1b476aa97/posix_ipc-1.3.0-cp312-cp312-manylinux_2_5_i686.manylinux1_i686.manylinux_2_17_i686.manylinux2014_i686.whl", hash = "sha256:0d9276669f702d8ea9e2f9821d0b5f29d78b7f7d8caa4f9acbb41ca434cf60a3", size = 46551, upload-time = "2025-07-29T20:02:52.395Z" },
    { url = "https://files.pythonhosted.org/packages/3c/4c/5153d6981d5756f8aa33a37ff3f68c151efd42f3ec3ce9450da256990064/posix_ipc-1.3.0-cp312-cp312-manylinux_2_5_x86_64.manylinux1_x86_64.manylinux_2_17_x86_64.manylinux2014_x86_64.whl", hash = "sha256:e57a245a66534e8ec10c6007828b4026383409f097be7aea06d0e7016f7d5f06", size = 51197, upload-time = "2025-07-29T20:02:53.934Z" },
    { url = "https://files.pythonhosted.org/packages/92/0a/c64e109dc892b874fbe6c08eae518730475f56ce378282d687f2b782c00c/posix_ipc-1.3.0-cp312-cp312-musllinux_1_2_aarch64.whl", hash = "sha256:74c6edcce16dd3ff53fc4c84cbc0b112aa05f177a638f0b85f902d0fed1d2b29", size = 49216, upload-time = "2025-07-29T20:02:55.059Z" },
    { url = "https://files.pythonhosted.org/packages/c6/1f/00c39427dfc3691025232d7e04ae972c8f391100b1a3b563f37443edf76a/posix_ipc-1.3.0-cp312-cp312-musllinux_1_2_i686.whl", hash = "sha256:5cfbb4905cc0d535d5e6944216f1fdc8b0f928e0c5854b3fb60c4da6bf6bbb76", size = 46310, upload-time = "2025-07-29T20:02:55.878Z" },
    { url = "https://files.pythonhosted.org/packages/f3/da/c209235e3487d27982a6c79ef8bdca6d714a767d86a735641de6f98a8cd1/posix_ipc-1.3.0-cp312-cp312-musllinux_1_2_x86_64.whl", hash = "sha256:d187c8147e64176c8b135891401156a2d9c3ace37a2313591b2b05b8b4fa9ee6", size = 49496, upload-time = "2025-07-29T20:02:56.701Z" },
    { url = "https://files.pythonhosted.org/packages/eb/44/705b656e6ddbebe73d48d6f28d344ee3b6a0b6b2bbfc89b6867c5cab5a9d/posix_ipc-1.3.0-cp313-cp313-macosx_10_13_x86_64.whl", hash = "sha256:69bd807306d58ce3fedac1209ecaed3d0f14af276f28e347ea027afb89871dec", size = 11750, upload-time = "2025-07-29T20:02:57.804Z" },
    { url = "https://files.pythonhosted.org/packages/13/2e/7a8c66684e6f74d7659ae05b9ea6b7faa32a5058a6d8f363bf3fcde741a1/posix_ipc-1.3.0-cp313-cp313-macosx_11_0_arm64.whl", hash = "sha256:9eb933a59a81ce339c98d0a1931143d5b23e4f157c3c5427d3048aa3a52f7035", size = 12072, upload-time = "2025-07-29T20:02:58.519Z" },
    { url = "https://files.pythonhosted.org/packages/89/99/b21c048dc7473fef4606685d6d0585f9beca15aa28d03e050578f5a6bde0/posix_ipc-1.3.0-cp313-cp313-manylinux_2_17_aarch64.manylinux2014_aarch64.whl", hash = "sha256:399b0b5863541e56ee275a9ed979ceef61c2c2d806241d4979d0826f1e63b466", size = 50294, upload-time = "2025-07-29T20:02:59.261Z" },
    { url = "https://files.pythonhosted.org/packages/eb/0a/b94336780ba9fb62473fbc20b86a5693ed187911e3a5d06316342cd1263c/posix_ipc-1.3.0-cp313-cp313-manylinux_2_5_i686.manylinux1_i686.manylinux_2_17_i686.manylinux2014_i686.whl", hash = "sha256:786adff8d726ca98b3625708985fde002f73029a5f424fec5aba70c96e0c6f23", size = 46598, upload-time = "2025-07-29T20:03:00.38Z" },
    { url = "https://files.pythonhosted.org/packages/49/3b/fb802bc61a997c9e2398c23b88af86ff6ad137d39256bb9b2100a70a757a/posix_ipc-1.3.0-cp313-cp313-manylinux_2_5_x86_64.manylinux1_x86_64.manylinux_2_17_x86_64.manylinux2014_x86_64.whl", hash = "sha256:bcbf68dbeba7b8d79e56860ebc5b37923771e71baeea59d6211b48f5c3907c95", size = 51255, upload-time = "2025-07-29T20:03:01.205Z" },
    { url = "https://files.pythonhosted.org/packages/e0/07/94988fe83bab4895f595e9147b5295446bbcd80d41c49abf492c40700622/posix_ipc-1.3.0-cp313-cp313-musllinux_1_2_aarch64.whl", hash = "sha256:2ba7331b7aae98bed1d6b08d1ea1a6bee3f1e416f0d8cf8c70867813ed88f9f7", size = 49253, upload-time = "2025-07-29T20:03:02.138Z" },
    { url = "https://files.pythonhosted.org/packages/89/d7/5fda2ca71ae3224d0251bdbe2013aa001acc5cd1c770dbcb54c8896a0fd1/posix_ipc-1.3.0-cp313-cp313-musllinux_1_2_i686.whl", hash = "sha256:6dd2d1cbedd6fc837eb56f35dbb936375214b9766649537bdf44e28ee6ace558", size = 46377, upload-time = "2025-07-29T20:03:02.94Z" },
    { url = "https://files.pythonhosted.org/packages/af/d0/c01767846a98f47ad329f8ea2315f808372f0c6d76e738c0b453e52187c9/posix_ipc-1.3.0-cp313-cp313-musllinux_1_2_x86_64.whl", hash = "sha256:cc62ba1c25a2e9d6ea884be56b8d3a06faf5a6d01a5c127f9fdc3d4c34af16fa", size = 49556, upload-time = "2025-07-29T20:03:04.284Z" },
]

[[package]]
name = "test"
version = "0.1.0"
source = { virtual = "." }
dependencies = [
    { name = "posix-ipc" },
]

[package.metadata]
requires-dist = [{ name = "posix-ipc", specifier = ">=1.3.0" }]
